# THIS IS AN AUTOGENERATED FILE. DO NOT EDIT THIS FILE DIRECTLY.
# yarn lockfile v1


pixelmatch@^5.2.1:
  version "5.2.1"
  resolved "https://registry.yarnpkg.com/pixelmatch/-/pixelmatch-5.2.1.tgz#9e4e4f4aa59648208a31310306a5bed5522b0d65"
  integrity sha512-WjcAdYSnKrrdDdqTcVEY7aB7UhhwjYQKYhHiBXdJef0MOaQeYpUdQ+iVyBLa5YBKS8MPVPPMX7rpOByISLpeEQ==
  dependencies:
    pngjs "^4.0.1"

pngjs@^4.0.1:
  version "4.0.1"
  resolved "https://registry.yarnpkg.com/pngjs/-/pngjs-4.0.1.tgz#f803869bb2fc1bfe1bf99aa4ec21c108117cfdbe"
  integrity sha512-rf5+2/ioHeQxR6IxuYNYGFytUyG3lma/WW1nsmjeHlWwtb2aByla6dkVc8pmJ9nplzkTA0q2xx7mMWrOTqT4Gg==

pngjs@^6.0.0:
  version "6.0.0"
  resolved "https://registry.yarnpkg.com/pngjs/-/pngjs-6.0.0.tgz#ca9e5d2aa48db0228a52c419c3308e87720da821"
  integrity sha512-TRzzuFRRmEoSW/p1KVAmiOgPco2Irlah+bGFCeNfJXxxYGwSw7YwAOAcd7X28K/m5bjBWKsC29KyoMfHbypayg==
